
Microsoft Visual Studio Solution File, Format Version 12.00
# Visual Studio Version 17
VisualStudioVersion = 17.4.33205.214
MinimumVisualStudioVersion = 10.0.40219.1
Project("{9A19103F-16F7-4668-BE54-9A1E7A4F7556}") = "OrganizationalChart", "OrganizationalChart.csproj", "{E4E77B24-71F3-4012-8824-E7E8E451F8FA}"
EndProject
Project("{9A19103F-16F7-4668-BE54-9A1E7A4F7556}") = "BlazorServerCommon_NET6", "..\..\common\BlazorServerCommon_NET6.csproj", "{D6E7BDD0-7CAC-472F-A325-2DE9325218B9}"
EndProject
Global
	GlobalSection(SolutionConfigurationPlatforms) = preSolution
		Debug|Any CPU = Debug|Any CPU
		Release|Any CPU = Release|Any CPU
	EndGlobalSection
	GlobalSection(ProjectConfigurationPlatforms) = postSolution
		{E4E77B24-71F3-4012-8824-E7E8E451F8FA}.Debug|Any CPU.ActiveCfg = Debug|Any CPU
		{E4E77B24-71F3-4012-8824-E7E8E451F8FA}.Debug|Any CPU.Build.0 = Debug|Any CPU
		{E4E77B24-71F3-4012-8824-E7E8E451F8FA}.Release|Any CPU.ActiveCfg = Release|Any CPU
		{E4E77B24-71F3-4012-8824-E7E8E451F8FA}.Release|Any CPU.Build.0 = Release|Any CPU
		{D6E7BDD0-7CAC-472F-A325-2DE9325218B9}.Debug|Any CPU.ActiveCfg = Debug|Any CPU
		{D6E7BDD0-7CAC-472F-A325-2DE9325218B9}.Debug|Any CPU.Build.0 = Debug|Any CPU
		{D6E7BDD0-7CAC-472F-A325-2DE9325218B9}.Release|Any CPU.ActiveCfg = Release|Any CPU
		{D6E7BDD0-7CAC-472F-A325-2DE9325218B9}.Release|Any CPU.Build.0 = Release|Any CPU
	EndGlobalSection
	GlobalSection(SolutionProperties) = preSolution
		HideSolutionNode = FALSE
	EndGlobalSection
	GlobalSection(ExtensibilityGlobals) = postSolution
		SolutionGuid = {654F2667-B283-464C-B4B2-281773372A30}
	EndGlobalSection
EndGlobal
